
Microsoft Visual Studio Solution File, Format Version 12.00
# Visual Studio Version 17
VisualStudioVersion = 17.14.36603.0 d17.14
MinimumVisualStudioVersion = 10.0.40219.1
Project("{FAE04EC0-301F-11D3-BF4B-00C04F79EFBC}") = "StudentAPI", "StudentAPI\StudentAPI.csproj", "{7FB99248-25F5-47FD-AEDA-90433BDF065D}"
EndProject
Global
	GlobalSection(SolutionConfigurationPlatforms) = preSolution
		Debug|Any CPU = Debug|Any CPU
		Release|Any CPU = Release|Any CPU
	EndGlobalSection
	GlobalSection(ProjectConfigurationPlatforms) = postSolution
		{7FB99248-25F5-47FD-AEDA-90433BDF065D}.Debug|Any CPU.ActiveCfg = Debug|Any CPU
		{7FB99248-25F5-47FD-AEDA-90433BDF065D}.Debug|Any CPU.Build.0 = Debug|Any CPU
		{7FB99248-25F5-47FD-AEDA-90433BDF065D}.Release|Any CPU.ActiveCfg = Release|Any CPU
		{7FB99248-25F5-47FD-AEDA-90433BDF065D}.Release|Any CPU.Build.0 = Release|Any CPU
	EndGlobalSection
	GlobalSection(SolutionProperties) = preSolution
		HideSolutionNode = FALSE
	EndGlobalSection
	GlobalSection(ExtensibilityGlobals) = postSolution
		SolutionGuid = {52BAA600-5211-4103-98BF-BFAA92AC01DD}
	EndGlobalSection
EndGlobal
